
Microsoft Visual Studio Solution File, Format Version 12.00
# Visual Studio Version 17
VisualStudioVersion = 17.9.34607.119
MinimumVisualStudioVersion = 10.0.40219.1
Project("{FAE04EC0-301F-11D3-BF4B-00C04F79EFBC}") = "WebApplication1", "WebApplication1\WebApplication1.csproj", "{FFC050FC-084F-4699-9397-099FC5EFE295}"
EndProject
Global
	GlobalSection(SolutionConfigurationPlatforms) = preSolution
		Debug|Any CPU = Debug|Any CPU
		Release|Any CPU = Release|Any CPU
	EndGlobalSection
	GlobalSection(ProjectConfigurationPlatforms) = postSolution
		{FFC050FC-084F-4699-9397-099FC5EFE295}.Debug|Any CPU.ActiveCfg = Debug|Any CPU
		{FFC050FC-084F-4699-9397-099FC5EFE295}.Debug|Any CPU.Build.0 = Debug|Any CPU
		{FFC050FC-084F-4699-9397-099FC5EFE295}.Release|Any CPU.ActiveCfg = Release|Any CPU
		{FFC050FC-084F-4699-9397-099FC5EFE295}.Release|Any CPU.Build.0 = Release|Any CPU
	EndGlobalSection
	GlobalSection(SolutionProperties) = preSolution
		HideSolutionNode = FALSE
	EndGlobalSection
	GlobalSection(ExtensibilityGlobals) = postSolution
		SolutionGuid = {788CA7F6-5BCC-4F28-8758-C0BF12EAC70A}
	EndGlobalSection
EndGlobal
